{
  "name": "d3",
  "version": "1.0.0",
  "lockfileVersion": 3,
  "requires": true,
  "packages": {
    "": {
      "name": "d3",
      "version": "1.0.0",
      "license": "ISC",
      "devDependencies": {
        "timeline-lens": "^1.0.1"
      }
    },
    "node_modules/@preact/signals": {
      "version": "2.11.1",
      "resolved": "https://registry.npmjs.org/@preact/signals/-/signals-2.11.1.tgz",
      "integrity": "sha512-uYoD+USkacTNU02kfCBkJEV7xabKTmA78W5pnT2GymsuGEC9n/ZO+UT4S96l0dIL6KLDk77VJyUFuOMBvftVHg==",
      "dev": true,
      "license": "MIT",
      "dependencies": {
        "@preact/signals-core": "^1.14.4"
      },
      "funding": {
        "type": "opencollective",
        "url": "https://opencollective.com/preact"
      },
      "peerDependencies": {
        "preact": ">= 10.25.0 || >=11.0.0-0"
      }
    },
    "node_modules/@preact/signals-core": {
      "version": "1.14.4",
      "resolved": "https://registry.npmjs.org/@preact/signals-core/-/signals-core-1.14.4.tgz",
      "integrity": "sha512-HNB6HYeYKhQbJ1aKl+YRjrS4+QWHLKX6qKoUsfS/m0vqzsVaEBiZiaKbG/e+NKk2ch5ALQr/ihWaMHxiCuuWHA==",
      "dev": true,
      "license": "MIT",
      "funding": {
        "type": "opencollective",
        "url": "https://opencollective.com/preact"
      }
    },
    "node_modules/htm": {
      "version": "3.1.1",
      "resolved": "https://registry.npmjs.org/htm/-/htm-3.1.1.tgz",
      "integrity": "sha512-983Vyg8NwUE7JkZ6NmOqpCZ+sh1bKv2iYTlUkzlWmA5JD2acKoxd4KVxbMmxX/85mtfdnDmTFoNKcg5DGAvxNQ==",
      "dev": true,
      "license": "Apache-2.0"
    },
    "node_modules/preact": {
      "version": "10.29.8",
      "resolved": "https://registry.npmjs.org/preact/-/preact-10.29.8.tgz",
      "integrity": "sha512-ej2aVZ+vZ8WO7tvlQWRM9N63A0KzF9q4mWJfDUHgYaIofWY9hu74QdnQrjoPMmZi2/nZ5gN0bJCQF49xQqx09Q==",
      "dev": true,
      "license": "MIT",
      "funding": {
        "type": "opencollective",
        "url": "https://opencollective.com/preact"
      },
      "peerDependencies": {
        "preact-render-to-string": ">=5"
      },
      "peerDependenciesMeta": {
        "preact-render-to-string": {
          "optional": true
        }
      }
    },
    "node_modules/timeline-lens": {
      "version": "1.0.1",
      "resolved": "https://registry.npmjs.org/timeline-lens/-/timeline-lens-1.0.1.tgz",
      "integrity": "sha512-F/M5Xuj498ClGiW42EQlSDcMr+3rdAykHaw7sHaOytvOvvVm0UCwaCaYnJj1DBC34YR4OJjmEG2SZ4FIQfnjxw==",
      "dev": true,
      "license": "SEE LICENSE IN LICENSE",
      "dependencies": {
        "@preact/signals": "^2.0.0",
        "htm": "^3.1.1",
        "preact": "^10.25.0"
      }
    }
  }
}
